
Microsoft Visual Studio Solution File, Format Version 12.00
# Visual Studio Version 16
VisualStudioVersion = 16.0.30413.136
MinimumVisualStudioVersion = 10.0.40219.1
Project("{9A19103F-16F7-4668-BE54-9A1E7A4F7556}") = "SimpleManagementSystem", "SimpleManagementSystem\SimpleManagementSystem.csproj", "{8923879D-2161-4DF5-8751-041A194A72B5}"
EndProject
Project("{FAE04EC0-301F-11D3-BF4B-00C04F79EFBC}") = "EmployeeManagement.Models", "EmployeeManagement.Models\EmployeeManagement.Models.csproj", "{53A8289F-F2F7-489D-80F1-2B85540B8D0F}"
EndProject
Project("{FAE04EC0-301F-11D3-BF4B-00C04F79EFBC}") = "EmployeeManagement.Services", "EmployeeManagement.Services\EmployeeManagement.Services.csproj", "{3B297B17-DDAF-4B86-AD61-D0971E29BCA6}"
EndProject
Global
	GlobalSection(SolutionConfigurationPlatforms) = preSolution
		Debug|Any CPU = Debug|Any CPU
		Release|Any CPU = Release|Any CPU
	EndGlobalSection
	GlobalSection(ProjectConfigurationPlatforms) = postSolution
		{8923879D-2161-4DF5-8751-041A194A72B5}.Debug|Any CPU.ActiveCfg = Debug|Any CPU
		{8923879D-2161-4DF5-8751-041A194A72B5}.Debug|Any CPU.Build.0 = Debug|Any CPU
		{8923879D-2161-4DF5-8751-041A194A72B5}.Release|Any CPU.ActiveCfg = Release|Any CPU
		{8923879D-2161-4DF5-8751-041A194A72B5}.Release|Any CPU.Build.0 = Release|Any CPU
		{53A8289F-F2F7-489D-80F1-2B85540B8D0F}.Debug|Any CPU.ActiveCfg = Debug|Any CPU
		{53A8289F-F2F7-489D-80F1-2B85540B8D0F}.Debug|Any CPU.Build.0 = Debug|Any CPU
		{53A8289F-F2F7-489D-80F1-2B85540B8D0F}.Release|Any CPU.ActiveCfg = Release|Any CPU
		{53A8289F-F2F7-489D-80F1-2B85540B8D0F}.Release|Any CPU.Build.0 = Release|Any CPU
		{3B297B17-DDAF-4B86-AD61-D0971E29BCA6}.Debug|Any CPU.ActiveCfg = Debug|Any CPU
		{3B297B17-DDAF-4B86-AD61-D0971E29BCA6}.Debug|Any CPU.Build.0 = Debug|Any CPU
		{3B297B17-DDAF-4B86-AD61-D0971E29BCA6}.Release|Any CPU.ActiveCfg = Release|Any CPU
		{3B297B17-DDAF-4B86-AD61-D0971E29BCA6}.Release|Any CPU.Build.0 = Release|Any CPU
	EndGlobalSection
	GlobalSection(SolutionProperties) = preSolution
		HideSolutionNode = FALSE
	EndGlobalSection
	GlobalSection(ExtensibilityGlobals) = postSolution
		SolutionGuid = {067D2376-AF8E-44A7-93E9-40A9915910EC}
	EndGlobalSection
EndGlobal
